
Microsoft Visual Studio Solution File, Format Version 12.00
# Visual Studio Version 16
VisualStudioVersion = 16.0.33423.256
MinimumVisualStudioVersion = 10.0.40219.1
Project("{FAE04EC0-301F-11D3-BF4B-00C04F79EFBC}") = "ConsoleApp10", "ConsoleApp10\ConsoleApp10.csproj", "{91CC7EB9-9190-4ADD-8AF3-591FCEDDA7F5}"
EndProject
Global
	GlobalSection(SolutionConfigurationPlatforms) = preSolution
		Debug|Any CPU = Debug|Any CPU
		Release|Any CPU = Release|Any CPU
	EndGlobalSection
	GlobalSection(ProjectConfigurationPlatforms) = postSolution
		{91CC7EB9-9190-4ADD-8AF3-591FCEDDA7F5}.Debug|Any CPU.ActiveCfg = Debug|Any CPU
		{91CC7EB9-9190-4ADD-8AF3-591FCEDDA7F5}.Debug|Any CPU.Build.0 = Debug|Any CPU
		{91CC7EB9-9190-4ADD-8AF3-591FCEDDA7F5}.Release|Any CPU.ActiveCfg = Release|Any CPU
		{91CC7EB9-9190-4ADD-8AF3-591FCEDDA7F5}.Release|Any CPU.Build.0 = Release|Any CPU
	EndGlobalSection
	GlobalSection(SolutionProperties) = preSolution
		HideSolutionNode = FALSE
	EndGlobalSection
	GlobalSection(ExtensibilityGlobals) = postSolution
		SolutionGuid = {A3C302B7-DA31-4C5F-A3EA-808B5367DC6D}
	EndGlobalSection
EndGlobal
