
Microsoft Visual Studio Solution File, Format Version 12.00
# Visual Studio Version 16
VisualStudioVersion = 16.0.33423.256
MinimumVisualStudioVersion = 10.0.40219.1
Project("{FAE04EC0-301F-11D3-BF4B-00C04F79EFBC}") = "ConsoleApp3", "ConsoleApp3\ConsoleApp3.csproj", "{360B0FEF-B43C-4FD4-AF36-5FB36B965EF0}"
EndProject
Global
	GlobalSection(SolutionConfigurationPlatforms) = preSolution
		Debug|Any CPU = Debug|Any CPU
		Release|Any CPU = Release|Any CPU
	EndGlobalSection
	GlobalSection(ProjectConfigurationPlatforms) = postSolution
		{360B0FEF-B43C-4FD4-AF36-5FB36B965EF0}.Debug|Any CPU.ActiveCfg = Debug|Any CPU
		{360B0FEF-B43C-4FD4-AF36-5FB36B965EF0}.Debug|Any CPU.Build.0 = Debug|Any CPU
		{360B0FEF-B43C-4FD4-AF36-5FB36B965EF0}.Release|Any CPU.ActiveCfg = Release|Any CPU
		{360B0FEF-B43C-4FD4-AF36-5FB36B965EF0}.Release|Any CPU.Build.0 = Release|Any CPU
	EndGlobalSection
	GlobalSection(SolutionProperties) = preSolution
		HideSolutionNode = FALSE
	EndGlobalSection
	GlobalSection(ExtensibilityGlobals) = postSolution
		SolutionGuid = {9C1ACD73-8160-4CFB-95CC-E0BC057A653E}
	EndGlobalSection
EndGlobal
